// !$*UTF8*$!
{
	archiveVersion = 1;
	classes = {
	};
	objectVersion = 51;
	objects = {

/* Begin PBXBuildFile section */
		85F8330C08F5EA2F909E7B26 /* libPods-WhereToChangeBaby.a in Frameworks */ = {isa = PBXBuildFile; fileRef = 961DC18C7819C4712FEF231E /* libPods-WhereToChangeBaby.a */; };
		AF3846E323BFE12400DF89A9 /* Bag.swift in Sources */ = {isa = PBXBuildFile; fileRef = AF3846E223BFE12400DF89A9 /* Bag.swift */; };
		AF41054224436DED002A54CB /* MapViewController.swift in Sources */ = {isa = PBXBuildFile; fileRef = AF41054124436DED002A54CB /* MapViewController.swift */; };
		AF4224C924488EA0008D589F /* CoreDataTests.swift in Sources */ = {isa = PBXBuildFile; fileRef = AF83269B23F09FC900719E79 /* CoreDataTests.swift */; };
		AF47599323C231EA006989D2 /* Item.swift in Sources */ = {isa = PBXBuildFile; fileRef = AF47599223C231EA006989D2 /* Item.swift */; };
		AF47599723C28A22006989D2 /* BagViewController.swift in Sources */ = {isa = PBXBuildFile; fileRef = AF47599623C28A22006989D2 /* BagViewController.swift */; };
		AF487A8F23AD0B17005BF5C5 /* CreateNewBagViewController.swift in Sources */ = {isa = PBXBuildFile; fileRef = AF487A8E23AD0B17005BF5C5 /* CreateNewBagViewController.swift */; };
		AF4BCB7123FBB788008402AA /* AddPlaceViewController.swift in Sources */ = {isa = PBXBuildFile; fileRef = AF4BCB7023FBB788008402AA /* AddPlaceViewController.swift */; };
		AF52952C23FFC3E0001AAE3F /* PlacesSearchTableViewController.swift in Sources */ = {isa = PBXBuildFile; fileRef = AF52952B23FFC3E0001AAE3F /* PlacesSearchTableViewController.swift */; };
		AFCA8050240D107C00B5E952 /* GoogleService-Info.plist in Resources */ = {isa = PBXBuildFile; fileRef = AFCA804F240D107C00B5E952 /* GoogleService-Info.plist */; };
		AFE043FF2444389D00BCA230 /* DatabaseSessionFake.swift in Sources */ = {isa = PBXBuildFile; fileRef = AFE043FE2444389D00BCA230 /* DatabaseSessionFake.swift */; };
		AFE044012444392E00BCA230 /* DatabaseProtocol.swift in Sources */ = {isa = PBXBuildFile; fileRef = AFE044002444392E00BCA230 /* DatabaseProtocol.swift */; };
		AFE044032444395C00BCA230 /* DatabaseSession.swift in Sources */ = {isa = PBXBuildFile; fileRef = AFE044022444395C00BCA230 /* DatabaseSession.swift */; };
		AFE044052444399C00BCA230 /* DatabaseService.swift in Sources */ = {isa = PBXBuildFile; fileRef = AFE044042444399C00BCA230 /* DatabaseService.swift */; };
		AFED13462425098F0092D98F /* Place.swift in Sources */ = {isa = PBXBuildFile; fileRef = AFED13452425098F0092D98F /* Place.swift */; };
		AFF6213E23A3D3900095448A /* AppDelegate.swift in Sources */ = {isa = PBXBuildFile; fileRef = AFF6213D23A3D3900095448A /* AppDelegate.swift */; };
		AFF6214023A3D3900095448A /* SceneDelegate.swift in Sources */ = {isa = PBXBuildFile; fileRef = AFF6213F23A3D3900095448A /* SceneDelegate.swift */; };
		AFF6214523A3D3900095448A /* Main.storyboard in Resources */ = {isa = PBXBuildFile; fileRef = AFF6214323A3D3900095448A /* Main.storyboard */; };
		AFF6214823A3D3900095448A /* WhereToChangeBaby.xcdatamodeld in Sources */ = {isa = PBXBuildFile; fileRef = AFF6214623A3D3900095448A /* WhereToChangeBaby.xcdatamodeld */; };
		AFF6214A23A3D3940095448A /* Assets.xcassets in Resources */ = {isa = PBXBuildFile; fileRef = AFF6214923A3D3940095448A /* Assets.xcassets */; };
		AFF6214D23A3D3940095448A /* LaunchScreen.storyboard in Resources */ = {isa = PBXBuildFile; fileRef = AFF6214B23A3D3940095448A /* LaunchScreen.storyboard */; };
		AFF6215923A4371E0095448A /* BagsListViewController.swift in Sources */ = {isa = PBXBuildFile; fileRef = AFF6215823A4371E0095448A /* BagsListViewController.swift */; };
		AFF6215B23A437560095448A /* PlacesListViewController.swift in Sources */ = {isa = PBXBuildFile; fileRef = AFF6215A23A437560095448A /* PlacesListViewController.swift */; };
		AFF6216023A43A250095448A /* CustomCollectionViewCell.swift in Sources */ = {isa = PBXBuildFile; fileRef = AFF6215E23A43A250095448A /* CustomCollectionViewCell.swift */; };
		AFF6216123A43A250095448A /* CustomCollectionViewCell.xib in Resources */ = {isa = PBXBuildFile; fileRef = AFF6215F23A43A250095448A /* CustomCollectionViewCell.xib */; };
		EE8D40DE3D1A3CC585FD7A8D /* libPods-WhereToChangeBabyTests.a in Frameworks */ = {isa = PBXBuildFile; fileRef = A41BA59DA2FB7711CF044F45 /* libPods-WhereToChangeBabyTests.a */; };
/* End PBXBuildFile section */

/* Begin PBXContainerItemProxy section */
		AF83269623F09F7C00719E79 /* PBXContainerItemProxy */ = {
			isa = PBXContainerItemProxy;
			containerPortal = AFF6213223A3D3900095448A /* Project object */;
			proxyType = 1;
			remoteGlobalIDString = AFF6213923A3D3900095448A;
			remoteInfo = WhereToChangeBaby;
		};
/* End PBXContainerItemProxy section */

/* Begin PBXFileReference section */
		0F832082E33757D3C4366919 /* Pods-WhereToChangeBaby.debug.xcconfig */ = {isa = PBXFileReference; includeInIndex = 1; lastKnownFileType = text.xcconfig; name = "Pods-WhereToChangeBaby.debug.xcconfig"; path = "Target Support Files/Pods-WhereToChangeBaby/Pods-WhereToChangeBaby.debug.xcconfig"; sourceTree = "<group>"; };
		56F3CC9B4423E9E51456B3A5 /* Pods-WhereToChangeBaby.release.xcconfig */ = {isa = PBXFileReference; includeInIndex = 1; lastKnownFileType = text.xcconfig; name = "Pods-WhereToChangeBaby.release.xcconfig"; path = "Target Support Files/Pods-WhereToChangeBaby/Pods-WhereToChangeBaby.release.xcconfig"; sourceTree = "<group>"; };
		5F5652E7119ACD3C56D94BC5 /* Pods-WhereToChangeBabyTests.debug.xcconfig */ = {isa = PBXFileReference; includeInIndex = 1; lastKnownFileType = text.xcconfig; name = "Pods-WhereToChangeBabyTests.debug.xcconfig"; path = "Target Support Files/Pods-WhereToChangeBabyTests/Pods-WhereToChangeBabyTests.debug.xcconfig"; sourceTree = "<group>"; };
		961DC18C7819C4712FEF231E /* libPods-WhereToChangeBaby.a */ = {isa = PBXFileReference; explicitFileType = archive.ar; includeInIndex = 0; path = "libPods-WhereToChangeBaby.a"; sourceTree = BUILT_PRODUCTS_DIR; };
		A41BA59DA2FB7711CF044F45 /* libPods-WhereToChangeBabyTests.a */ = {isa = PBXFileReference; explicitFileType = archive.ar; includeInIndex = 0; path = "libPods-WhereToChangeBabyTests.a"; sourceTree = BUILT_PRODUCTS_DIR; };
		AF3846E223BFE12400DF89A9 /* Bag.swift */ = {isa = PBXFileReference; lastKnownFileType = sourcecode.swift; path = Bag.swift; sourceTree = "<group>"; };
		AF41054124436DED002A54CB /* MapViewController.swift */ = {isa = PBXFileReference; lastKnownFileType = sourcecode.swift; path = MapViewController.swift; sourceTree = "<group>"; };
		AF47599223C231EA006989D2 /* Item.swift */ = {isa = PBXFileReference; lastKnownFileType = sourcecode.swift; path = Item.swift; sourceTree = "<group>"; };
		AF47599623C28A22006989D2 /* BagViewController.swift */ = {isa = PBXFileReference; lastKnownFileType = sourcecode.swift; path = BagViewController.swift; sourceTree = "<group>"; };
		AF487A8E23AD0B17005BF5C5 /* CreateNewBagViewController.swift */ = {isa = PBXFileReference; lastKnownFileType = sourcecode.swift; path = CreateNewBagViewController.swift; sourceTree = "<group>"; };
		AF4BCB7023FBB788008402AA /* AddPlaceViewController.swift */ = {isa = PBXFileReference; lastKnownFileType = sourcecode.swift; path = AddPlaceViewController.swift; sourceTree = "<group>"; };
		AF52952B23FFC3E0001AAE3F /* PlacesSearchTableViewController.swift */ = {isa = PBXFileReference; lastKnownFileType = sourcecode.swift; path = PlacesSearchTableViewController.swift; sourceTree = "<group>"; };
		AF83269123F09F7C00719E79 /* WhereToChangeBabyTests.xctest */ = {isa = PBXFileReference; explicitFileType = wrapper.cfbundle; includeInIndex = 0; path = WhereToChangeBabyTests.xctest; sourceTree = BUILT_PRODUCTS_DIR; };
		AF83269523F09F7C00719E79 /* Info.plist */ = {isa = PBXFileReference; lastKnownFileType = text.plist.xml; path = Info.plist; sourceTree = "<group>"; };
		AF83269B23F09FC900719E79 /* CoreDataTests.swift */ = {isa = PBXFileReference; lastKnownFileType = sourcecode.swift; path = CoreDataTests.swift; sourceTree = "<group>"; };
		AFCA804F240D107C00B5E952 /* GoogleService-Info.plist */ = {isa = PBXFileReference; fileEncoding = 4; lastKnownFileType = text.plist.xml; path = "GoogleService-Info.plist"; sourceTree = "<group>"; };
		AFE043FE2444389D00BCA230 /* DatabaseSessionFake.swift */ = {isa = PBXFileReference; lastKnownFileType = sourcecode.swift; path = DatabaseSessionFake.swift; sourceTree = "<group>"; };
		AFE044002444392E00BCA230 /* DatabaseProtocol.swift */ = {isa = PBXFileReference; lastKnownFileType = sourcecode.swift; path = DatabaseProtocol.swift; sourceTree = "<group>"; };
		AFE044022444395C00BCA230 /* DatabaseSession.swift */ = {isa = PBXFileReference; lastKnownFileType = sourcecode.swift; path = DatabaseSession.swift; sourceTree = "<group>"; };
		AFE044042444399C00BCA230 /* DatabaseService.swift */ = {isa = PBXFileReference; lastKnownFileType = sourcecode.swift; path = DatabaseService.swift; sourceTree = "<group>"; };
		AFED13452425098F0092D98F /* Place.swift */ = {isa = PBXFileReference; lastKnownFileType = sourcecode.swift; path = Place.swift; sourceTree = "<group>"; };
		AFF6213A23A3D3900095448A /* WhereToChangeBaby.app */ = {isa = PBXFileReference; explicitFileType = wrapper.application; includeInIndex = 0; path = WhereToChangeBaby.app; sourceTree = BUILT_PRODUCTS_DIR; };
		AFF6213D23A3D3900095448A /* AppDelegate.swift */ = {isa = PBXFileReference; lastKnownFileType = sourcecode.swift; path = AppDelegate.swift; sourceTree = "<group>"; };
		AFF6213F23A3D3900095448A /* SceneDelegate.swift */ = {isa = PBXFileReference; lastKnownFileType = sourcecode.swift; path = SceneDelegate.swift; sourceTree = "<group>"; };
		AFF6214423A3D3900095448A /* Base */ = {isa = PBXFileReference; lastKnownFileType = file.storyboard; name = Base; path = Base.lproj/Main.storyboard; sourceTree = "<group>"; };
		AFF6214723A3D3900095448A /* WhereToChangeBaby.xcdatamodel */ = {isa = PBXFileReference; lastKnownFileType = wrapper.xcdatamodel; path = WhereToChangeBaby.xcdatamodel; sourceTree = "<group>"; };
		AFF6214923A3D3940095448A /* Assets.xcassets */ = {isa = PBXFileReference; lastKnownFileType = folder.assetcatalog; path = Assets.xcassets; sourceTree = "<group>"; };
		AFF6214C23A3D3940095448A /* Base */ = {isa = PBXFileReference; lastKnownFileType = file.storyboard; name = Base; path = Base.lproj/LaunchScreen.storyboard; sourceTree = "<group>"; };
		AFF6214E23A3D3940095448A /* Info.plist */ = {isa = PBXFileReference; lastKnownFileType = text.plist.xml; path = Info.plist; sourceTree = "<group>"; };
		AFF6215823A4371E0095448A /* BagsListViewController.swift */ = {isa = PBXFileReference; lastKnownFileType = sourcecode.swift; path = BagsListViewController.swift; sourceTree = "<group>"; };
		AFF6215A23A437560095448A /* PlacesListViewController.swift */ = {isa = PBXFileReference; lastKnownFileType = sourcecode.swift; path = PlacesListViewController.swift; sourceTree = "<group>"; };
		AFF6215E23A43A250095448A /* CustomCollectionViewCell.swift */ = {isa = PBXFileReference; lastKnownFileType = sourcecode.swift; path = CustomCollectionViewCell.swift; sourceTree = "<group>"; };
		AFF6215F23A43A250095448A /* CustomCollectionViewCell.xib */ = {isa = PBXFileReference; lastKnownFileType = file.xib; path = CustomCollectionViewCell.xib; sourceTree = "<group>"; };
		DB8C15C2E92C938EE84C7EF8 /* Pods-WhereToChangeBabyTests.release.xcconfig */ = {isa = PBXFileReference; includeInIndex = 1; lastKnownFileType = text.xcconfig; name = "Pods-WhereToChangeBabyTests.release.xcconfig"; path = "Target Support Files/Pods-WhereToChangeBabyTests/Pods-WhereToChangeBabyTests.release.xcconfig"; sourceTree = "<group>"; };
/* End PBXFileReference section */

/* Begin PBXFrameworksBuildPhase section */
		AF83268E23F09F7C00719E79 /* Frameworks */ = {
			isa = PBXFrameworksBuildPhase;
			buildActionMask = 2147483647;
			files = (
				EE8D40DE3D1A3CC585FD7A8D /* libPods-WhereToChangeBabyTests.a in Frameworks */,
			);
			runOnlyForDeploymentPostprocessing = 0;
		};
		AFF6213723A3D3900095448A /* Frameworks */ = {
			isa = PBXFrameworksBuildPhase;
			buildActionMask = 2147483647;
			files = (
				85F8330C08F5EA2F909E7B26 /* libPods-WhereToChangeBaby.a in Frameworks */,
			);
			runOnlyForDeploymentPostprocessing = 0;
		};
/* End PBXFrameworksBuildPhase section */

/* Begin PBXGroup section */
		7235FFB818696BD4F091E047 /* Frameworks */ = {
			isa = PBXGroup;
			children = (
				961DC18C7819C4712FEF231E /* libPods-WhereToChangeBaby.a */,
				A41BA59DA2FB7711CF044F45 /* libPods-WhereToChangeBabyTests.a */,
			);
			name = Frameworks;
			sourceTree = "<group>";
		};
		AF83269223F09F7C00719E79 /* WhereToChangeBabyTests */ = {
			isa = PBXGroup;
			children = (
				AF83269523F09F7C00719E79 /* Info.plist */,
				AF83269B23F09FC900719E79 /* CoreDataTests.swift */,
				AFE043FE2444389D00BCA230 /* DatabaseSessionFake.swift */,
			);
			path = WhereToChangeBabyTests;
			sourceTree = "<group>";
		};
		AFF6213123A3D3900095448A = {
			isa = PBXGroup;
			children = (
				AFF6213C23A3D3900095448A /* WhereToChangeBaby */,
				AF83269223F09F7C00719E79 /* WhereToChangeBabyTests */,
				AFF6213B23A3D3900095448A /* Products */,
				D4305802ED0B3432DBA851B7 /* Pods */,
				7235FFB818696BD4F091E047 /* Frameworks */,
			);
			sourceTree = "<group>";
		};
		AFF6213B23A3D3900095448A /* Products */ = {
			isa = PBXGroup;
			children = (
				AFF6213A23A3D3900095448A /* WhereToChangeBaby.app */,
				AF83269123F09F7C00719E79 /* WhereToChangeBabyTests.xctest */,
			);
			name = Products;
			sourceTree = "<group>";
		};
		AFF6213C23A3D3900095448A /* WhereToChangeBaby */ = {
			isa = PBXGroup;
			children = (
				AFF6215423A3D5670095448A /* Model */,
				AFF6215523A3D5750095448A /* View */,
				AFF6215623A3D57D0095448A /* Controller */,
				AFF6215723A3D58A0095448A /* Supporting Files */,
			);
			path = WhereToChangeBaby;
			sourceTree = "<group>";
		};
		AFF6215423A3D5670095448A /* Model */ = {
			isa = PBXGroup;
			children = (
				AFF6214623A3D3900095448A /* WhereToChangeBaby.xcdatamodeld */,
				AF3846E223BFE12400DF89A9 /* Bag.swift */,
				AF47599223C231EA006989D2 /* Item.swift */,
				AFED13452425098F0092D98F /* Place.swift */,
				AFE044002444392E00BCA230 /* DatabaseProtocol.swift */,
				AFE044022444395C00BCA230 /* DatabaseSession.swift */,
				AFE044042444399C00BCA230 /* DatabaseService.swift */,
			);
			path = Model;
			sourceTree = "<group>";
		};
		AFF6215523A3D5750095448A /* View */ = {
			isa = PBXGroup;
			children = (
				AFF6214323A3D3900095448A /* Main.storyboard */,
				AFF6215E23A43A250095448A /* CustomCollectionViewCell.swift */,
				AFF6215F23A43A250095448A /* CustomCollectionViewCell.xib */,
			);
			path = View;
			sourceTree = "<group>";
		};
		AFF6215623A3D57D0095448A /* Controller */ = {
			isa = PBXGroup;
			children = (
				AFF6215A23A437560095448A /* PlacesListViewController.swift */,
				AFF6215823A4371E0095448A /* BagsListViewController.swift */,
				AF487A8E23AD0B17005BF5C5 /* CreateNewBagViewController.swift */,
				AF47599623C28A22006989D2 /* BagViewController.swift */,
				AF41054124436DED002A54CB /* MapViewController.swift */,
				AF4BCB7023FBB788008402AA /* AddPlaceViewController.swift */,
				AF52952B23FFC3E0001AAE3F /* PlacesSearchTableViewController.swift */,
			);
			path = Controller;
			sourceTree = "<group>";
		};
		AFF6215723A3D58A0095448A /* Supporting Files */ = {
			isa = PBXGroup;
			children = (
				AFF6213D23A3D3900095448A /* AppDelegate.swift */,
				AFF6213F23A3D3900095448A /* SceneDelegate.swift */,
				AFF6214923A3D3940095448A /* Assets.xcassets */,
				AFF6214B23A3D3940095448A /* LaunchScreen.storyboard */,
				AFF6214E23A3D3940095448A /* Info.plist */,
				AFCA804F240D107C00B5E952 /* GoogleService-Info.plist */,
			);
			path = "Supporting Files";
			sourceTree = "<group>";
		};
		D4305802ED0B3432DBA851B7 /* Pods */ = {
			isa = PBXGroup;
			children = (
				0F832082E33757D3C4366919 /* Pods-WhereToChangeBaby.debug.xcconfig */,
				56F3CC9B4423E9E51456B3A5 /* Pods-WhereToChangeBaby.release.xcconfig */,
				5F5652E7119ACD3C56D94BC5 /* Pods-WhereToChangeBabyTests.debug.xcconfig */,
				DB8C15C2E92C938EE84C7EF8 /* Pods-WhereToChangeBabyTests.release.xcconfig */,
			);
			path = Pods;
			sourceTree = "<group>";
		};
/* End PBXGroup section */

/* Begin PBXNativeTarget section */
		AF83269023F09F7C00719E79 /* WhereToChangeBabyTests */ = {
			isa = PBXNativeTarget;
			buildConfigurationList = AF83269A23F09F7C00719E79 /* Build configuration list for PBXNativeTarget "WhereToChangeBabyTests" */;
			buildPhases = (
				832AC438D0E80BAE2D29E3E1 /* [CP] Check Pods Manifest.lock */,
				AF83268D23F09F7C00719E79 /* Sources */,
				AF83268E23F09F7C00719E79 /* Frameworks */,
				AF83268F23F09F7C00719E79 /* Resources */,
			);
			buildRules = (
			);
			dependencies = (
				AF83269723F09F7C00719E79 /* PBXTargetDependency */,
			);
			name = WhereToChangeBabyTests;
			productName = WhereToChangeBabyTests;
			productReference = AF83269123F09F7C00719E79 /* WhereToChangeBabyTests.xctest */;
			productType = "com.apple.product-type.bundle.unit-test";
		};
		AFF6213923A3D3900095448A /* WhereToChangeBaby */ = {
			isa = PBXNativeTarget;
			buildConfigurationList = AFF6215123A3D3940095448A /* Build configuration list for PBXNativeTarget "WhereToChangeBaby" */;
			buildPhases = (
				F3B6DFBAD4C6A79852275BCC /* [CP] Check Pods Manifest.lock */,
				AFF6213623A3D3900095448A /* Sources */,
				AFF6213723A3D3900095448A /* Frameworks */,
				AFF6213823A3D3900095448A /* Resources */,
				2469DEE7A49DB6BCD1A33423 /* [CP] Copy Pods Resources */,
			);
			buildRules = (
			);
			dependencies = (
			);
			name = WhereToChangeBaby;
			productName = WhereToChangeBaby;
			productReference = AFF6213A23A3D3900095448A /* WhereToChangeBaby.app */;
			productType = "com.apple.product-type.application";
		};
/* End PBXNativeTarget section */

/* Begin PBXProject section */
		AFF6213223A3D3900095448A /* Project object */ = {
			isa = PBXProject;
			attributes = {
				LastSwiftUpdateCheck = 1130;
				LastUpgradeCheck = 1130;
				ORGANIZATIONNAME = MaximeTanter;
				TargetAttributes = {
					AF83269023F09F7C00719E79 = {
						CreatedOnToolsVersion = 11.3.1;
						LastSwiftMigration = 1130;
						TestTargetID = AFF6213923A3D3900095448A;
					};
					AFF6213923A3D3900095448A = {
						CreatedOnToolsVersion = 11.3;
					};
				};
			};
			buildConfigurationList = AFF6213523A3D3900095448A /* Build configuration list for PBXProject "WhereToChangeBaby" */;
			compatibilityVersion = "Xcode 9.3";
			developmentRegion = en;
			hasScannedForEncodings = 0;
			knownRegions = (
				en,
				Base,
			);
			mainGroup = AFF6213123A3D3900095448A;
			productRefGroup = AFF6213B23A3D3900095448A /* Products */;
			projectDirPath = "";
			projectRoot = "";
			targets = (
				AFF6213923A3D3900095448A /* WhereToChangeBaby */,
				AF83269023F09F7C00719E79 /* WhereToChangeBabyTests */,
			);
		};
/* End PBXProject section */

/* Begin PBXResourcesBuildPhase section */
		AF83268F23F09F7C00719E79 /* Resources */ = {
			isa = PBXResourcesBuildPhase;
			buildActionMask = 2147483647;
			files = (
			);
			runOnlyForDeploymentPostprocessing = 0;
		};
		AFF6213823A3D3900095448A /* Resources */ = {
			isa = PBXResourcesBuildPhase;
			buildActionMask = 2147483647;
			files = (
				AFF6214D23A3D3940095448A /* LaunchScreen.storyboard in Resources */,
				AFF6214A23A3D3940095448A /* Assets.xcassets in Resources */,
				AFCA8050240D107C00B5E952 /* GoogleService-Info.plist in Resources */,
				AFF6214523A3D3900095448A /* Main.storyboard in Resources */,
				AFF6216123A43A250095448A /* CustomCollectionViewCell.xib in Resources */,
			);
			runOnlyForDeploymentPostprocessing = 0;
		};
/* End PBXResourcesBuildPhase section */

/* Begin PBXShellScriptBuildPhase section */
		2469DEE7A49DB6BCD1A33423 /* [CP] Copy Pods Resources */ = {
			isa = PBXShellScriptBuildPhase;
			buildActionMask = 2147483647;
			files = (
			);
			inputFileListPaths = (
				"${PODS_ROOT}/Target Support Files/Pods-WhereToChangeBaby/Pods-WhereToChangeBaby-resources-${CONFIGURATION}-input-files.xcfilelist",
			);
			name = "[CP] Copy Pods Resources";
			outputFileListPaths = (
				"${PODS_ROOT}/Target Support Files/Pods-WhereToChangeBaby/Pods-WhereToChangeBaby-resources-${CONFIGURATION}-output-files.xcfilelist",
			);
			runOnlyForDeploymentPostprocessing = 0;
			shellPath = /bin/sh;
			shellScript = "\"${PODS_ROOT}/Target Support Files/Pods-WhereToChangeBaby/Pods-WhereToChangeBaby-resources.sh\"\n";
			showEnvVarsInLog = 0;
		};
		832AC438D0E80BAE2D29E3E1 /* [CP] Check Pods Manifest.lock */ = {
			isa = PBXShellScriptBuildPhase;
			buildActionMask = 2147483647;
			files = (
			);
			inputFileListPaths = (
			);
			inputPaths = (
				"${PODS_PODFILE_DIR_PATH}/Podfile.lock",
				"${PODS_ROOT}/Manifest.lock",
			);
			name = "[CP] Check Pods Manifest.lock";
			outputFileListPaths = (
			);
			outputPaths = (
				"$(DERIVED_FILE_DIR)/Pods-WhereToChangeBabyTests-checkManifestLockResult.txt",
			);
			runOnlyForDeploymentPostprocessing = 0;
			shellPath = /bin/sh;
			shellScript = "diff \"${PODS_PODFILE_DIR_PATH}/Podfile.lock\" \"${PODS_ROOT}/Manifest.lock\" > /dev/null\nif [ $? != 0 ] ; then\n    # print error to STDERR\n    echo \"error: The sandbox is not in sync with the Podfile.lock. Run 'pod install' or update your CocoaPods installation.\" >&2\n    exit 1\nfi\n# This output is used by Xcode 'outputs' to avoid re-running this script phase.\necho \"SUCCESS\" > \"${SCRIPT_OUTPUT_FILE_0}\"\n";
			showEnvVarsInLog = 0;
		};
		F3B6DFBAD4C6A79852275BCC /* [CP] Check Pods Manifest.lock */ = {
			isa = PBXShellScriptBuildPhase;
			buildActionMask = 2147483647;
			files = (
			);
			inputFileListPaths = (
			);
			inputPaths = (
				"${PODS_PODFILE_DIR_PATH}/Podfile.lock",
				"${PODS_ROOT}/Manifest.lock",
			);
			name = "[CP] Check Pods Manifest.lock";
			outputFileListPaths = (
			);
			outputPaths = (
				"$(DERIVED_FILE_DIR)/Pods-WhereToChangeBaby-checkManifestLockResult.txt",
			);
			runOnlyForDeploymentPostprocessing = 0;
			shellPath = /bin/sh;
			shellScript = "diff \"${PODS_PODFILE_DIR_PATH}/Podfile.lock\" \"${PODS_ROOT}/Manifest.lock\" > /dev/null\nif [ $? != 0 ] ; then\n    # print error to STDERR\n    echo \"error: The sandbox is not in sync with the Podfile.lock. Run 'pod install' or update your CocoaPods installation.\" >&2\n    exit 1\nfi\n# This output is used by Xcode 'outputs' to avoid re-running this script phase.\necho \"SUCCESS\" > \"${SCRIPT_OUTPUT_FILE_0}\"\n";
			showEnvVarsInLog = 0;
		};
/* End PBXShellScriptBuildPhase section */

/* Begin PBXSourcesBuildPhase section */
		AF83268D23F09F7C00719E79 /* Sources */ = {
			isa = PBXSourcesBuildPhase;
			buildActionMask = 2147483647;
			files = (
				AF4224C924488EA0008D589F /* CoreDataTests.swift in Sources */,
				AFE043FF2444389D00BCA230 /* DatabaseSessionFake.swift in Sources */,
			);
			runOnlyForDeploymentPostprocessing = 0;
		};
		AFF6213623A3D3900095448A /* Sources */ = {
			isa = PBXSourcesBuildPhase;
			buildActionMask = 2147483647;
			files = (
				AFE044052444399C00BCA230 /* DatabaseService.swift in Sources */,
				AF47599323C231EA006989D2 /* Item.swift in Sources */,
				AF4BCB7123FBB788008402AA /* AddPlaceViewController.swift in Sources */,
				AF52952C23FFC3E0001AAE3F /* PlacesSearchTableViewController.swift in Sources */,
				AFF6214823A3D3900095448A /* WhereToChangeBaby.xcdatamodeld in Sources */,
				AF47599723C28A22006989D2 /* BagViewController.swift in Sources */,
				AFE044012444392E00BCA230 /* DatabaseProtocol.swift in Sources */,
				AFED13462425098F0092D98F /* Place.swift in Sources */,
				AFF6216023A43A250095448A /* CustomCollectionViewCell.swift in Sources */,
				AFF6213E23A3D3900095448A /* AppDelegate.swift in Sources */,
				AFE044032444395C00BCA230 /* DatabaseSession.swift in Sources */,
				AF487A8F23AD0B17005BF5C5 /* CreateNewBagViewController.swift in Sources */,
				AFF6214023A3D3900095448A /* SceneDelegate.swift in Sources */,
				AFF6215B23A437560095448A /* PlacesListViewController.swift in Sources */,
				AF3846E323BFE12400DF89A9 /* Bag.swift in Sources */,
				AFF6215923A4371E0095448A /* BagsListViewController.swift in Sources */,
				AF41054224436DED002A54CB /* MapViewController.swift in Sources */,
			);
			runOnlyForDeploymentPostprocessing = 0;
		};
/* End PBXSourcesBuildPhase section */

/* Begin PBXTargetDependency section */
		AF83269723F09F7C00719E79 /* PBXTargetDependency */ = {
			isa = PBXTargetDependency;
			target = AFF6213923A3D3900095448A /* WhereToChangeBaby */;
			targetProxy = AF83269623F09F7C00719E79 /* PBXContainerItemProxy */;
		};
/* End PBXTargetDependency section */

/* Begin PBXVariantGroup section */
		AFF6214323A3D3900095448A /* Main.storyboard */ = {
			isa = PBXVariantGroup;
			children = (
				AFF6214423A3D3900095448A /* Base */,
			);
			name = Main.storyboard;
			sourceTree = "<group>";
		};
		AFF6214B23A3D3940095448A /* LaunchScreen.storyboard */ = {
			isa = PBXVariantGroup;
			children = (
				AFF6214C23A3D3940095448A /* Base */,
			);
			name = LaunchScreen.storyboard;
			sourceTree = "<group>";
		};
/* End PBXVariantGroup section */

/* Begin XCBuildConfiguration section */
		AF83269823F09F7C00719E79 /* Debug */ = {
			isa = XCBuildConfiguration;
			baseConfigurationReference = 5F5652E7119ACD3C56D94BC5 /* Pods-WhereToChangeBabyTests.debug.xcconfig */;
			buildSettings = {
				BUNDLE_LOADER = "$(TEST_HOST)";
				CLANG_ENABLE_MODULES = YES;
				CODE_SIGN_STYLE = Automatic;
				DEVELOPMENT_TEAM = WC244SYFG3;
				INFOPLIST_FILE = WhereToChangeBabyTests/Info.plist;
				LD_RUNPATH_SEARCH_PATHS = (
					"$(inherited)",
					"@executable_path/Frameworks",
					"@loader_path/Frameworks",
				);
				PRODUCT_BUNDLE_IDENTIFIER = com.maximetanter.WhereToChangeBabyTests;
				PRODUCT_NAME = "$(TARGET_NAME)";
				SWIFT_OPTIMIZATION_LEVEL = "-Onone";
				SWIFT_VERSION = 5.0;
				TARGETED_DEVICE_FAMILY = "1,2";
				TEST_HOST = "$(BUILT_PRODUCTS_DIR)/WhereToChangeBaby.app/WhereToChangeBaby";
			};
			name = Debug;
		};
		AF83269923F09F7C00719E79 /* Release */ = {
			isa = XCBuildConfiguration;
			baseConfigurationReference = DB8C15C2E92C938EE84C7EF8 /* Pods-WhereToChangeBabyTests.release.xcconfig */;
			buildSettings = {
				BUNDLE_LOADER = "$(TEST_HOST)";
				CLANG_ENABLE_MODULES = YES;
				CODE_SIGN_STYLE = Automatic;
				DEVELOPMENT_TEAM = WC244SYFG3;
				INFOPLIST_FILE = WhereToChangeBabyTests/Info.plist;
				LD_RUNPATH_SEARCH_PATHS = (
					"$(inherited)",
					"@executable_path/Frameworks",
					"@loader_path/Frameworks",
				);
				PRODUCT_BUNDLE_IDENTIFIER = com.maximetanter.WhereToChangeBabyTests;
				PRODUCT_NAME = "$(TARGET_NAME)";
				SWIFT_VERSION = 5.0;
				TARGETED_DEVICE_FAMILY = "1,2";
				TEST_HOST = "$(BUILT_PRODUCTS_DIR)/WhereToChangeBaby.app/WhereToChangeBaby";
			};
			name = Release;
		};
		AFF6214F23A3D3940095448A /* Debug */ = {
			isa = XCBuildConfiguration;
			buildSettings = {
				ALWAYS_SEARCH_USER_PATHS = NO;
				CLANG_ANALYZER_NONNULL = YES;
				CLANG_ANALYZER_NUMBER_OBJECT_CONVERSION = YES_AGGRESSIVE;
				CLANG_CXX_LANGUAGE_STANDARD = "gnu++14";
				CLANG_CXX_LIBRARY = "libc++";
				CLANG_ENABLE_MODULES = YES;
				CLANG_ENABLE_OBJC_ARC = YES;
				CLANG_ENABLE_OBJC_WEAK = YES;
				CLANG_WARN_BLOCK_CAPTURE_AUTORELEASING = YES;
				CLANG_WARN_BOOL_CONVERSION = YES;
				CLANG_WARN_COMMA = YES;
				CLANG_WARN_CONSTANT_CONVERSION = YES;
				CLANG_WARN_DEPRECATED_OBJC_IMPLEMENTATIONS = YES;
				CLANG_WARN_DIRECT_OBJC_ISA_USAGE = YES_ERROR;
				CLANG_WARN_DOCUMENTATION_COMMENTS = YES;
				CLANG_WARN_EMPTY_BODY = YES;
				CLANG_WARN_ENUM_CONVERSION = YES;
				CLANG_WARN_INFINITE_RECURSION = YES;
				CLANG_WARN_INT_CONVERSION = YES;
				CLANG_WARN_NON_LITERAL_NULL_CONVERSION = YES;
				CLANG_WARN_OBJC_IMPLICIT_RETAIN_SELF = YES;
				CLANG_WARN_OBJC_LITERAL_CONVERSION = YES;
				CLANG_WARN_OBJC_ROOT_CLASS = YES_ERROR;
				CLANG_WARN_RANGE_LOOP_ANALYSIS = YES;
				CLANG_WARN_STRICT_PROTOTYPES = YES;
				CLANG_WARN_SUSPICIOUS_MOVE = YES;
				CLANG_WARN_UNGUARDED_AVAILABILITY = YES_AGGRESSIVE;
				CLANG_WARN_UNREACHABLE_CODE = YES;
				CLANG_WARN__DUPLICATE_METHOD_MATCH = YES;
				COPY_PHASE_STRIP = NO;
				DEBUG_INFORMATION_FORMAT = dwarf;
				ENABLE_STRICT_OBJC_MSGSEND = YES;
				ENABLE_TESTABILITY = YES;
				GCC_C_LANGUAGE_STANDARD = gnu11;
				GCC_DYNAMIC_NO_PIC = NO;
				GCC_NO_COMMON_BLOCKS = YES;
				GCC_OPTIMIZATION_LEVEL = 0;
				GCC_PREPROCESSOR_DEFINITIONS = (
					"DEBUG=1",
					"$(inherited)",
				);
				GCC_WARN_64_TO_32_BIT_CONVERSION = YES;
				GCC_WARN_ABOUT_RETURN_TYPE = YES_ERROR;
				GCC_WARN_UNDECLARED_SELECTOR = YES;
				GCC_WARN_UNINITIALIZED_AUTOS = YES_AGGRESSIVE;
				GCC_WARN_UNUSED_FUNCTION = YES;
				GCC_WARN_UNUSED_VARIABLE = YES;
				IPHONEOS_DEPLOYMENT_TARGET = 13.2;
				MTL_ENABLE_DEBUG_INFO = INCLUDE_SOURCE;
				MTL_FAST_MATH = YES;
				ONLY_ACTIVE_ARCH = YES;
				SDKROOT = iphoneos;
				SWIFT_ACTIVE_COMPILATION_CONDITIONS = DEBUG;
				SWIFT_OPTIMIZATION_LEVEL = "-Onone";
			};
			name = Debug;
		};
		AFF6215023A3D3940095448A /* Release */ = {
			isa = XCBuildConfiguration;
			buildSettings = {
				ALWAYS_SEARCH_USER_PATHS = NO;
				CLANG_ANALYZER_NONNULL = YES;
				CLANG_ANALYZER_NUMBER_OBJECT_CONVERSION = YES_AGGRESSIVE;
				CLANG_CXX_LANGUAGE_STANDARD = "gnu++14";
				CLANG_CXX_LIBRARY = "libc++";
				CLANG_ENABLE_MODULES = YES;
				CLANG_ENABLE_OBJC_ARC = YES;
				CLANG_ENABLE_OBJC_WEAK = YES;
				CLANG_WARN_BLOCK_CAPTURE_AUTORELEASING = YES;
				CLANG_WARN_BOOL_CONVERSION = YES;
				CLANG_WARN_COMMA = YES;
				CLANG_WARN_CONSTANT_CONVERSION = YES;
				CLANG_WARN_DEPRECATED_OBJC_IMPLEMENTATIONS = YES;
				CLANG_WARN_DIRECT_OBJC_ISA_USAGE = YES_ERROR;
				CLANG_WARN_DOCUMENTATION_COMMENTS = YES;
				CLANG_WARN_EMPTY_BODY = YES;
				CLANG_WARN_ENUM_CONVERSION = YES;
				CLANG_WARN_INFINITE_RECURSION = YES;
				CLANG_WARN_INT_CONVERSION = YES;
				CLANG_WARN_NON_LITERAL_NULL_CONVERSION = YES;
				CLANG_WARN_OBJC_IMPLICIT_RETAIN_SELF = YES;
				CLANG_WARN_OBJC_LITERAL_CONVERSION = YES;
				CLANG_WARN_OBJC_ROOT_CLASS = YES_ERROR;
				CLANG_WARN_RANGE_LOOP_ANALYSIS = YES;
				CLANG_WARN_STRICT_PROTOTYPES = YES;
				CLANG_WARN_SUSPICIOUS_MOVE = YES;
				CLANG_WARN_UNGUARDED_AVAILABILITY = YES_AGGRESSIVE;
				CLANG_WARN_UNREACHABLE_CODE = YES;
				CLANG_WARN__DUPLICATE_METHOD_MATCH = YES;
				COPY_PHASE_STRIP = NO;
				DEBUG_INFORMATION_FORMAT = "dwarf-with-dsym";
				ENABLE_NS_ASSERTIONS = NO;
				ENABLE_STRICT_OBJC_MSGSEND = YES;
				GCC_C_LANGUAGE_STANDARD = gnu11;
				GCC_NO_COMMON_BLOCKS = YES;
				GCC_WARN_64_TO_32_BIT_CONVERSION = YES;
				GCC_WARN_ABOUT_RETURN_TYPE = YES_ERROR;
				GCC_WARN_UNDECLARED_SELECTOR = YES;
				GCC_WARN_UNINITIALIZED_AUTOS = YES_AGGRESSIVE;
				GCC_WARN_UNUSED_FUNCTION = YES;
				GCC_WARN_UNUSED_VARIABLE = YES;
				IPHONEOS_DEPLOYMENT_TARGET = 13.2;
				MTL_ENABLE_DEBUG_INFO = NO;
				MTL_FAST_MATH = YES;
				SDKROOT = iphoneos;
				SWIFT_COMPILATION_MODE = wholemodule;
				SWIFT_OPTIMIZATION_LEVEL = "-O";
				VALIDATE_PRODUCT = YES;
			};
			name = Release;
		};
		AFF6215223A3D3940095448A /* Debug */ = {
			isa = XCBuildConfiguration;
			baseConfigurationReference = 0F832082E33757D3C4366919 /* Pods-WhereToChangeBaby.debug.xcconfig */;
			buildSettings = {
				ASSETCATALOG_COMPILER_APPICON_NAME = AppIcon;
				CODE_SIGN_STYLE = Automatic;
				DEVELOPMENT_TEAM = WC244SYFG3;
				INFOPLIST_FILE = "WhereToChangeBaby/Supporting Files/Info.plist";
				IPHONEOS_DEPLOYMENT_TARGET = 13.0;
				LD_RUNPATH_SEARCH_PATHS = (
					"$(inherited)",
					"@executable_path/Frameworks",
				);
				PRODUCT_BUNDLE_IDENTIFIER = com.maximetanter.WhereToChangeBaby;
				PRODUCT_NAME = "$(TARGET_NAME)";
				SWIFT_VERSION = 5.0;
				TARGETED_DEVICE_FAMILY = "1,2";
			};
			name = Debug;
		};
		AFF6215323A3D3940095448A /* Release */ = {
			isa = XCBuildConfiguration;
			baseConfigurationReference = 56F3CC9B4423E9E51456B3A5 /* Pods-WhereToChangeBaby.release.xcconfig */;
			buildSettings = {
				ASSETCATALOG_COMPILER_APPICON_NAME = AppIcon;
				CODE_SIGN_STYLE = Automatic;
				DEVELOPMENT_TEAM = WC244SYFG3;
				INFOPLIST_FILE = "WhereToChangeBaby/Supporting Files/Info.plist";
				IPHONEOS_DEPLOYMENT_TARGET = 13.0;
				LD_RUNPATH_SEARCH_PATHS = (
					"$(inherited)",
					"@executable_path/Frameworks",
				);
				PRODUCT_BUNDLE_IDENTIFIER = com.maximetanter.WhereToChangeBaby;
				PRODUCT_NAME = "$(TARGET_NAME)";
				SWIFT_VERSION = 5.0;
				TARGETED_DEVICE_FAMILY = "1,2";
			};
			name = Release;
		};
/* End XCBuildConfiguration section */

/* Begin XCConfigurationList section */
		AF83269A23F09F7C00719E79 /* Build configuration list for PBXNativeTarget "WhereToChangeBabyTests" */ = {
			isa = XCConfigurationList;
			buildConfigurations = (
				AF83269823F09F7C00719E79 /* Debug */,
				AF83269923F09F7C00719E79 /* Release */,
			);
			defaultConfigurationIsVisible = 0;
			defaultConfigurationName = Release;
		};
		AFF6213523A3D3900095448A /* Build configuration list for PBXProject "WhereToChangeBaby" */ = {
			isa = XCConfigurationList;
			buildConfigurations = (
				AFF6214F23A3D3940095448A /* Debug */,
				AFF6215023A3D3940095448A /* Release */,
			);
			defaultConfigurationIsVisible = 0;
			defaultConfigurationName = Release;
		};
		AFF6215123A3D3940095448A /* Build configuration list for PBXNativeTarget "WhereToChangeBaby" */ = {
			isa = XCConfigurationList;
			buildConfigurations = (
				AFF6215223A3D3940095448A /* Debug */,
				AFF6215323A3D3940095448A /* Release */,
			);
			defaultConfigurationIsVisible = 0;
			defaultConfigurationName = Release;
		};
/* End XCConfigurationList section */

/* Begin XCVersionGroup section */
		AFF6214623A3D3900095448A /* WhereToChangeBaby.xcdatamodeld */ = {
			isa = XCVersionGroup;
			children = (
				AFF6214723A3D3900095448A /* WhereToChangeBaby.xcdatamodel */,
			);
			currentVersion = AFF6214723A3D3900095448A /* WhereToChangeBaby.xcdatamodel */;
			path = WhereToChangeBaby.xcdatamodeld;
			sourceTree = "<group>";
			versionGroupType = wrapper.xcdatamodel;
		};
/* End XCVersionGroup section */
	};
	rootObject = AFF6213223A3D3900095448A /* Project object */;
}
